// !$*UTF8*$!
{
	archiveVersion = 1;
	classes = {
	};
	objectVersion = 55;
	objects = {

/* Begin PBXBuildFile section */
		BB6957F28693A4BD877D2BE7 /* Pods_QR_Reader.framework in Frameworks */ = {isa = PBXBuildFile; fileRef = 2E3484D92C1C41D3C466D8A3 /* Pods_QR_Reader.framework */; };
		D021694C27A5E4C500BC1A64 /* TypeOfPageTableViewCell.swift in Sources */ = {isa = PBXBuildFile; fileRef = D021694A27A5E4C500BC1A64 /* TypeOfPageTableViewCell.swift */; };
		D021694D27A5E4C500BC1A64 /* TypeOfPageTableViewCell.xib in Resources */ = {isa = PBXBuildFile; fileRef = D021694B27A5E4C500BC1A64 /* TypeOfPageTableViewCell.xib */; };
		D041865327A6AAE500593A14 /* PastQrTableViewCell.swift in Sources */ = {isa = PBXBuildFile; fileRef = D041865127A6AAE500593A14 /* PastQrTableViewCell.swift */; };
		D041865427A6AAE500593A14 /* PastQrTableViewCell.xib in Resources */ = {isa = PBXBuildFile; fileRef = D041865227A6AAE500593A14 /* PastQrTableViewCell.xib */; };
		D08EDB3E27A16F9700FDB934 /* LastReadedPageViewController.swift in Sources */ = {isa = PBXBuildFile; fileRef = D08EDB3D27A16F9700FDB934 /* LastReadedPageViewController.swift */; };
		D08EDB4527A176AC00FDB934 /* PagesTableViewCell.swift in Sources */ = {isa = PBXBuildFile; fileRef = D08EDB4327A176AC00FDB934 /* PagesTableViewCell.swift */; };
		D08EDB4627A176AC00FDB934 /* PagesTableViewCell.xib in Resources */ = {isa = PBXBuildFile; fileRef = D08EDB4427A176AC00FDB934 /* PagesTableViewCell.xib */; };
		D08EDB4927A1809400FDB934 /* RealmModel.swift in Sources */ = {isa = PBXBuildFile; fileRef = D08EDB4827A1809400FDB934 /* RealmModel.swift */; };
		D0A3063527A5B4EB00731654 /* QRViewController.swift in Sources */ = {isa = PBXBuildFile; fileRef = D0A3063427A5B4EB00731654 /* QRViewController.swift */; };
		D0A3063727A5BC8A00731654 /* ChooseQrTypeViewController.swift in Sources */ = {isa = PBXBuildFile; fileRef = D0A3063627A5BC8A00731654 /* ChooseQrTypeViewController.swift */; };
		D0A3064027A5D3D000731654 /* myData.json in Resources */ = {isa = PBXBuildFile; fileRef = D0A3063F27A5D3CF00731654 /* myData.json */; };
		D0A3064227A5D3FC00731654 /* TypeOfQr.swift in Sources */ = {isa = PBXBuildFile; fileRef = D0A3064127A5D3FB00731654 /* TypeOfQr.swift */; };
		D0A3064427A5D47200731654 /* DataLoader.swift in Sources */ = {isa = PBXBuildFile; fileRef = D0A3064327A5D47200731654 /* DataLoader.swift */; };
		D0BEB57227A0415E001CA26D /* AppDelegate.swift in Sources */ = {isa = PBXBuildFile; fileRef = D0BEB57127A0415E001CA26D /* AppDelegate.swift */; };
		D0BEB57427A0415E001CA26D /* SceneDelegate.swift in Sources */ = {isa = PBXBuildFile; fileRef = D0BEB57327A0415E001CA26D /* SceneDelegate.swift */; };
		D0BEB57627A0415E001CA26D /* QrAppViewController.swift in Sources */ = {isa = PBXBuildFile; fileRef = D0BEB57527A0415E001CA26D /* QrAppViewController.swift */; };
		D0BEB57B27A0415F001CA26D /* Assets.xcassets in Resources */ = {isa = PBXBuildFile; fileRef = D0BEB57A27A0415F001CA26D /* Assets.xcassets */; };
		D0BEB57E27A0415F001CA26D /* LaunchScreen.storyboard in Resources */ = {isa = PBXBuildFile; fileRef = D0BEB57C27A0415F001CA26D /* LaunchScreen.storyboard */; };
		D0BEB58627A04D69001CA26D /* Main.storyboard in Resources */ = {isa = PBXBuildFile; fileRef = D0BEB58527A04D69001CA26D /* Main.storyboard */; };
		D0C609A027A5A24D004F888E /* CreateQRViewController.swift in Sources */ = {isa = PBXBuildFile; fileRef = D0C6099F27A5A24D004F888E /* CreateQRViewController.swift */; };
/* End PBXBuildFile section */

/* Begin PBXFileReference section */
		164127D946C0B87FB337CEC8 /* Pods-QR_Reader.release.xcconfig */ = {isa = PBXFileReference; includeInIndex = 1; lastKnownFileType = text.xcconfig; name = "Pods-QR_Reader.release.xcconfig"; path = "Target Support Files/Pods-QR_Reader/Pods-QR_Reader.release.xcconfig"; sourceTree = "<group>"; };
		2E3484D92C1C41D3C466D8A3 /* Pods_QR_Reader.framework */ = {isa = PBXFileReference; explicitFileType = wrapper.framework; includeInIndex = 0; path = Pods_QR_Reader.framework; sourceTree = BUILT_PRODUCTS_DIR; };
		310748DC73E9E99CE2546A77 /* Pods-QR_Reader.debug.xcconfig */ = {isa = PBXFileReference; includeInIndex = 1; lastKnownFileType = text.xcconfig; name = "Pods-QR_Reader.debug.xcconfig"; path = "Target Support Files/Pods-QR_Reader/Pods-QR_Reader.debug.xcconfig"; sourceTree = "<group>"; };
		D021694A27A5E4C500BC1A64 /* TypeOfPageTableViewCell.swift */ = {isa = PBXFileReference; lastKnownFileType = sourcecode.swift; path = TypeOfPageTableViewCell.swift; sourceTree = "<group>"; };
		D021694B27A5E4C500BC1A64 /* TypeOfPageTableViewCell.xib */ = {isa = PBXFileReference; lastKnownFileType = file.xib; path = TypeOfPageTableViewCell.xib; sourceTree = "<group>"; };
		D041865127A6AAE500593A14 /* PastQrTableViewCell.swift */ = {isa = PBXFileReference; lastKnownFileType = sourcecode.swift; path = PastQrTableViewCell.swift; sourceTree = "<group>"; };
		D041865227A6AAE500593A14 /* PastQrTableViewCell.xib */ = {isa = PBXFileReference; lastKnownFileType = file.xib; path = PastQrTableViewCell.xib; sourceTree = "<group>"; };
		D08EDB3D27A16F9700FDB934 /* LastReadedPageViewController.swift */ = {isa = PBXFileReference; lastKnownFileType = sourcecode.swift; path = LastReadedPageViewController.swift; sourceTree = "<group>"; };
		D08EDB4327A176AC00FDB934 /* PagesTableViewCell.swift */ = {isa = PBXFileReference; lastKnownFileType = sourcecode.swift; path = PagesTableViewCell.swift; sourceTree = "<group>"; };
		D08EDB4427A176AC00FDB934 /* PagesTableViewCell.xib */ = {isa = PBXFileReference; lastKnownFileType = file.xib; path = PagesTableViewCell.xib; sourceTree = "<group>"; };
		D08EDB4827A1809400FDB934 /* RealmModel.swift */ = {isa = PBXFileReference; lastKnownFileType = sourcecode.swift; path = RealmModel.swift; sourceTree = "<group>"; };
		D0A3063427A5B4EB00731654 /* QRViewController.swift */ = {isa = PBXFileReference; lastKnownFileType = sourcecode.swift; path = QRViewController.swift; sourceTree = "<group>"; };
		D0A3063627A5BC8A00731654 /* ChooseQrTypeViewController.swift */ = {isa = PBXFileReference; lastKnownFileType = sourcecode.swift; path = ChooseQrTypeViewController.swift; sourceTree = "<group>"; };
		D0A3063F27A5D3CF00731654 /* myData.json */ = {isa = PBXFileReference; fileEncoding = 4; lastKnownFileType = text.json; path = myData.json; sourceTree = "<group>"; };
		D0A3064127A5D3FB00731654 /* TypeOfQr.swift */ = {isa = PBXFileReference; lastKnownFileType = sourcecode.swift; path = TypeOfQr.swift; sourceTree = "<group>"; };
		D0A3064327A5D47200731654 /* DataLoader.swift */ = {isa = PBXFileReference; lastKnownFileType = sourcecode.swift; path = DataLoader.swift; sourceTree = "<group>"; };
		D0BEB56E27A0415E001CA26D /* QR_Reader.app */ = {isa = PBXFileReference; explicitFileType = wrapper.application; includeInIndex = 0; path = QR_Reader.app; sourceTree = BUILT_PRODUCTS_DIR; };
		D0BEB57127A0415E001CA26D /* AppDelegate.swift */ = {isa = PBXFileReference; lastKnownFileType = sourcecode.swift; path = AppDelegate.swift; sourceTree = "<group>"; };
		D0BEB57327A0415E001CA26D /* SceneDelegate.swift */ = {isa = PBXFileReference; lastKnownFileType = sourcecode.swift; path = SceneDelegate.swift; sourceTree = "<group>"; };
		D0BEB57527A0415E001CA26D /* QrAppViewController.swift */ = {isa = PBXFileReference; lastKnownFileType = sourcecode.swift; path = QrAppViewController.swift; sourceTree = "<group>"; };
		D0BEB57A27A0415F001CA26D /* Assets.xcassets */ = {isa = PBXFileReference; lastKnownFileType = folder.assetcatalog; path = Assets.xcassets; sourceTree = "<group>"; };
		D0BEB57D27A0415F001CA26D /* Base */ = {isa = PBXFileReference; lastKnownFileType = file.storyboard; name = Base; path = Base.lproj/LaunchScreen.storyboard; sourceTree = "<group>"; };
		D0BEB57F27A0415F001CA26D /* Info.plist */ = {isa = PBXFileReference; lastKnownFileType = text.plist.xml; path = Info.plist; sourceTree = "<group>"; };
		D0BEB58527A04D69001CA26D /* Main.storyboard */ = {isa = PBXFileReference; fileEncoding = 4; lastKnownFileType = file.storyboard; path = Main.storyboard; sourceTree = "<group>"; };
		D0C6099F27A5A24D004F888E /* CreateQRViewController.swift */ = {isa = PBXFileReference; lastKnownFileType = sourcecode.swift; path = CreateQRViewController.swift; sourceTree = "<group>"; };
/* End PBXFileReference section */

/* Begin PBXFrameworksBuildPhase section */
		D0BEB56B27A0415E001CA26D /* Frameworks */ = {
			isa = PBXFrameworksBuildPhase;
			buildActionMask = 2147483647;
			files = (
				BB6957F28693A4BD877D2BE7 /* Pods_QR_Reader.framework in Frameworks */,
			);
			runOnlyForDeploymentPostprocessing = 0;
		};
/* End PBXFrameworksBuildPhase section */

/* Begin PBXGroup section */
		74EC48D07B9BCFD1715A2E64 /* Frameworks */ = {
			isa = PBXGroup;
			children = (
				2E3484D92C1C41D3C466D8A3 /* Pods_QR_Reader.framework */,
			);
			name = Frameworks;
			sourceTree = "<group>";
		};
		D021694827A5E41B00BC1A64 /* CellsStoryboard */ = {
			isa = PBXGroup;
			children = (
				D041865227A6AAE500593A14 /* PastQrTableViewCell.xib */,
				D021694B27A5E4C500BC1A64 /* TypeOfPageTableViewCell.xib */,
				D08EDB4427A176AC00FDB934 /* PagesTableViewCell.xib */,
			);
			path = CellsStoryboard;
			sourceTree = "<group>";
		};
		D021694927A5E46700BC1A64 /* CellsViewControllers */ = {
			isa = PBXGroup;
			children = (
				D041865127A6AAE500593A14 /* PastQrTableViewCell.swift */,
				D021694A27A5E4C500BC1A64 /* TypeOfPageTableViewCell.swift */,
				D08EDB4327A176AC00FDB934 /* PagesTableViewCell.swift */,
			);
			path = CellsViewControllers;
			sourceTree = "<group>";
		};
		D08EDB3F27A175CD00FDB934 /* ViewControllers */ = {
			isa = PBXGroup;
			children = (
				D08EDB3D27A16F9700FDB934 /* LastReadedPageViewController.swift */,
				D0BEB57527A0415E001CA26D /* QrAppViewController.swift */,
				D0C6099F27A5A24D004F888E /* CreateQRViewController.swift */,
				D0A3063427A5B4EB00731654 /* QRViewController.swift */,
				D0A3063627A5BC8A00731654 /* ChooseQrTypeViewController.swift */,
			);
			path = ViewControllers;
			sourceTree = "<group>";
		};
		D08EDB4027A175DA00FDB934 /* Delegates */ = {
			isa = PBXGroup;
			children = (
				D0BEB57327A0415E001CA26D /* SceneDelegate.swift */,
				D0BEB57127A0415E001CA26D /* AppDelegate.swift */,
			);
			path = Delegates;
			sourceTree = "<group>";
		};
		D08EDB4127A175E400FDB934 /* Storyboards */ = {
			isa = PBXGroup;
			children = (
				D0BEB58527A04D69001CA26D /* Main.storyboard */,
				D0BEB57C27A0415F001CA26D /* LaunchScreen.storyboard */,
			);
			path = Storyboards;
			sourceTree = "<group>";
		};
		D08EDB4227A1769100FDB934 /* Cells */ = {
			isa = PBXGroup;
			children = (
				D021694927A5E46700BC1A64 /* CellsViewControllers */,
				D021694827A5E41B00BC1A64 /* CellsStoryboard */,
			);
			path = Cells;
			sourceTree = "<group>";
		};
		D08EDB4727A1808700FDB934 /* Model */ = {
			isa = PBXGroup;
			children = (
				D0A3064127A5D3FB00731654 /* TypeOfQr.swift */,
				D08EDB4827A1809400FDB934 /* RealmModel.swift */,
			);
			path = Model;
			sourceTree = "<group>";
		};
		D0A3063827A5CD6400731654 /* DataTransactions */ = {
			isa = PBXGroup;
			children = (
				D0A3064327A5D47200731654 /* DataLoader.swift */,
			);
			path = DataTransactions;
			sourceTree = "<group>";
		};
		D0BEB56527A0415E001CA26D = {
			isa = PBXGroup;
			children = (
				D0BEB57027A0415E001CA26D /* QR_Reader */,
				D0BEB56F27A0415E001CA26D /* Products */,
				D637F8F39111F7CDC8E7E786 /* Pods */,
				74EC48D07B9BCFD1715A2E64 /* Frameworks */,
			);
			sourceTree = "<group>";
		};
		D0BEB56F27A0415E001CA26D /* Products */ = {
			isa = PBXGroup;
			children = (
				D0BEB56E27A0415E001CA26D /* QR_Reader.app */,
			);
			name = Products;
			sourceTree = "<group>";
		};
		D0BEB57027A0415E001CA26D /* QR_Reader */ = {
			isa = PBXGroup;
			children = (
				D0A3063827A5CD6400731654 /* DataTransactions */,
				D08EDB4727A1808700FDB934 /* Model */,
				D08EDB4227A1769100FDB934 /* Cells */,
				D08EDB4127A175E400FDB934 /* Storyboards */,
				D08EDB4027A175DA00FDB934 /* Delegates */,
				D08EDB3F27A175CD00FDB934 /* ViewControllers */,
				D0BEB57A27A0415F001CA26D /* Assets.xcassets */,
				D0A3063F27A5D3CF00731654 /* myData.json */,
				D0BEB57F27A0415F001CA26D /* Info.plist */,
			);
			path = QR_Reader;
			sourceTree = "<group>";
		};
		D637F8F39111F7CDC8E7E786 /* Pods */ = {
			isa = PBXGroup;
			children = (
				310748DC73E9E99CE2546A77 /* Pods-QR_Reader.debug.xcconfig */,
				164127D946C0B87FB337CEC8 /* Pods-QR_Reader.release.xcconfig */,
			);
			path = Pods;
			sourceTree = "<group>";
		};
/* End PBXGroup section */

/* Begin PBXNativeTarget section */
		D0BEB56D27A0415E001CA26D /* QR_Reader */ = {
			isa = PBXNativeTarget;
			buildConfigurationList = D0BEB58227A0415F001CA26D /* Build configuration list for PBXNativeTarget "QR_Reader" */;
			buildPhases = (
				6DD8911958B8B2D943890FD7 /* [CP] Check Pods Manifest.lock */,
				D0BEB56A27A0415E001CA26D /* Sources */,
				D0BEB56B27A0415E001CA26D /* Frameworks */,
				D0BEB56C27A0415E001CA26D /* Resources */,
				7B90F9D56D12C930BDE0BCA1 /* [CP] Embed Pods Frameworks */,
			);
			buildRules = (
			);
			dependencies = (
			);
			name = QR_Reader;
			productName = QR_Reader;
			productReference = D0BEB56E27A0415E001CA26D /* QR_Reader.app */;
			productType = "com.apple.product-type.application";
		};
/* End PBXNativeTarget section */

/* Begin PBXProject section */
		D0BEB56627A0415E001CA26D /* Project object */ = {
			isa = PBXProject;
			attributes = {
				BuildIndependentTargetsInParallel = 1;
				LastSwiftUpdateCheck = 1310;
				LastUpgradeCheck = 1310;
				TargetAttributes = {
					D0BEB56D27A0415E001CA26D = {
						CreatedOnToolsVersion = 13.1;
					};
				};
			};
			buildConfigurationList = D0BEB56927A0415E001CA26D /* Build configuration list for PBXProject "QR_Reader" */;
			compatibilityVersion = "Xcode 13.0";
			developmentRegion = en;
			hasScannedForEncodings = 0;
			knownRegions = (
				en,
				Base,
			);
			mainGroup = D0BEB56527A0415E001CA26D;
			productRefGroup = D0BEB56F27A0415E001CA26D /* Products */;
			projectDirPath = "";
			projectRoot = "";
			targets = (
				D0BEB56D27A0415E001CA26D /* QR_Reader */,
			);
		};
/* End PBXProject section */

/* Begin PBXResourcesBuildPhase section */
		D0BEB56C27A0415E001CA26D /* Resources */ = {
			isa = PBXResourcesBuildPhase;
			buildActionMask = 2147483647;
			files = (
				D021694D27A5E4C500BC1A64 /* TypeOfPageTableViewCell.xib in Resources */,
				D0BEB58627A04D69001CA26D /* Main.storyboard in Resources */,
				D0BEB57E27A0415F001CA26D /* LaunchScreen.storyboard in Resources */,
				D08EDB4627A176AC00FDB934 /* PagesTableViewCell.xib in Resources */,
				D0BEB57B27A0415F001CA26D /* Assets.xcassets in Resources */,
				D0A3064027A5D3D000731654 /* myData.json in Resources */,
				D041865427A6AAE500593A14 /* PastQrTableViewCell.xib in Resources */,
			);
			runOnlyForDeploymentPostprocessing = 0;
		};
/* End PBXResourcesBuildPhase section */

/* Begin PBXShellScriptBuildPhase section */
		6DD8911958B8B2D943890FD7 /* [CP] Check Pods Manifest.lock */ = {
			isa = PBXShellScriptBuildPhase;
			buildActionMask = 2147483647;
			files = (
			);
			inputFileListPaths = (
			);
			inputPaths = (
				"${PODS_PODFILE_DIR_PATH}/Podfile.lock",
				"${PODS_ROOT}/Manifest.lock",
			);
			name = "[CP] Check Pods Manifest.lock";
			outputFileListPaths = (
			);
			outputPaths = (
				"$(DERIVED_FILE_DIR)/Pods-QR_Reader-checkManifestLockResult.txt",
			);
			runOnlyForDeploymentPostprocessing = 0;
			shellPath = /bin/sh;
			shellScript = "diff \"${PODS_PODFILE_DIR_PATH}/Podfile.lock\" \"${PODS_ROOT}/Manifest.lock\" > /dev/null\nif [ $? != 0 ] ; then\n    # print error to STDERR\n    echo \"error: The sandbox is not in sync with the Podfile.lock. Run 'pod install' or update your CocoaPods installation.\" >&2\n    exit 1\nfi\n# This output is used by Xcode 'outputs' to avoid re-running this script phase.\necho \"SUCCESS\" > \"${SCRIPT_OUTPUT_FILE_0}\"\n";
			showEnvVarsInLog = 0;
		};
		7B90F9D56D12C930BDE0BCA1 /* [CP] Embed Pods Frameworks */ = {
			isa = PBXShellScriptBuildPhase;
			buildActionMask = 2147483647;
			files = (
			);
			inputFileListPaths = (
				"${PODS_ROOT}/Target Support Files/Pods-QR_Reader/Pods-QR_Reader-frameworks-${CONFIGURATION}-input-files.xcfilelist",
			);
			name = "[CP] Embed Pods Frameworks";
			outputFileListPaths = (
				"${PODS_ROOT}/Target Support Files/Pods-QR_Reader/Pods-QR_Reader-frameworks-${CONFIGURATION}-output-files.xcfilelist",
			);
			runOnlyForDeploymentPostprocessing = 0;
			shellPath = /bin/sh;
			shellScript = "\"${PODS_ROOT}/Target Support Files/Pods-QR_Reader/Pods-QR_Reader-frameworks.sh\"\n";
			showEnvVarsInLog = 0;
		};
/* End PBXShellScriptBuildPhase section */

/* Begin PBXSourcesBuildPhase section */
		D0BEB56A27A0415E001CA26D /* Sources */ = {
			isa = PBXSourcesBuildPhase;
			buildActionMask = 2147483647;
			files = (
				D0BEB57627A0415E001CA26D /* QrAppViewController.swift in Sources */,
				D08EDB4927A1809400FDB934 /* RealmModel.swift in Sources */,
				D0BEB57227A0415E001CA26D /* AppDelegate.swift in Sources */,
				D08EDB3E27A16F9700FDB934 /* LastReadedPageViewController.swift in Sources */,
				D021694C27A5E4C500BC1A64 /* TypeOfPageTableViewCell.swift in Sources */,
				D041865327A6AAE500593A14 /* PastQrTableViewCell.swift in Sources */,
				D0C609A027A5A24D004F888E /* CreateQRViewController.swift in Sources */,
				D0A3064227A5D3FC00731654 /* TypeOfQr.swift in Sources */,
				D0A3063727A5BC8A00731654 /* ChooseQrTypeViewController.swift in Sources */,
				D0A3064427A5D47200731654 /* DataLoader.swift in Sources */,
				D0A3063527A5B4EB00731654 /* QRViewController.swift in Sources */,
				D0BEB57427A0415E001CA26D /* SceneDelegate.swift in Sources */,
				D08EDB4527A176AC00FDB934 /* PagesTableViewCell.swift in Sources */,
			);
			runOnlyForDeploymentPostprocessing = 0;
		};
/* End PBXSourcesBuildPhase section */

/* Begin PBXVariantGroup section */
		D0BEB57C27A0415F001CA26D /* LaunchScreen.storyboard */ = {
			isa = PBXVariantGroup;
			children = (
				D0BEB57D27A0415F001CA26D /* Base */,
			);
			name = LaunchScreen.storyboard;
			sourceTree = "<group>";
		};
/* End PBXVariantGroup section */

/* Begin XCBuildConfiguration section */
		D0BEB58027A0415F001CA26D /* Debug */ = {
			isa = XCBuildConfiguration;
			buildSettings = {
				ALWAYS_SEARCH_USER_PATHS = NO;
				CLANG_ANALYZER_NONNULL = YES;
				CLANG_ANALYZER_NUMBER_OBJECT_CONVERSION = YES_AGGRESSIVE;
				CLANG_CXX_LANGUAGE_STANDARD = "gnu++17";
				CLANG_CXX_LIBRARY = "libc++";
				CLANG_ENABLE_MODULES = YES;
				CLANG_ENABLE_OBJC_ARC = YES;
				CLANG_ENABLE_OBJC_WEAK = YES;
				CLANG_WARN_BLOCK_CAPTURE_AUTORELEASING = YES;
				CLANG_WARN_BOOL_CONVERSION = YES;
				CLANG_WARN_COMMA = YES;
				CLANG_WARN_CONSTANT_CONVERSION = YES;
				CLANG_WARN_DEPRECATED_OBJC_IMPLEMENTATIONS = YES;
				CLANG_WARN_DIRECT_OBJC_ISA_USAGE = YES_ERROR;
				CLANG_WARN_DOCUMENTATION_COMMENTS = YES;
				CLANG_WARN_EMPTY_BODY = YES;
				CLANG_WARN_ENUM_CONVERSION = YES;
				CLANG_WARN_INFINITE_RECURSION = YES;
				CLANG_WARN_INT_CONVERSION = YES;
				CLANG_WARN_NON_LITERAL_NULL_CONVERSION = YES;
				CLANG_WARN_OBJC_IMPLICIT_RETAIN_SELF = YES;
				CLANG_WARN_OBJC_LITERAL_CONVERSION = YES;
				CLANG_WARN_OBJC_ROOT_CLASS = YES_ERROR;
				CLANG_WARN_QUOTED_INCLUDE_IN_FRAMEWORK_HEADER = YES;
				CLANG_WARN_RANGE_LOOP_ANALYSIS = YES;
				CLANG_WARN_STRICT_PROTOTYPES = YES;
				CLANG_WARN_SUSPICIOUS_MOVE = YES;
				CLANG_WARN_UNGUARDED_AVAILABILITY = YES_AGGRESSIVE;
				CLANG_WARN_UNREACHABLE_CODE = YES;
				CLANG_WARN__DUPLICATE_METHOD_MATCH = YES;
				COPY_PHASE_STRIP = NO;
				DEBUG_INFORMATION_FORMAT = dwarf;
				ENABLE_STRICT_OBJC_MSGSEND = YES;
				ENABLE_TESTABILITY = YES;
				GCC_C_LANGUAGE_STANDARD = gnu11;
				GCC_DYNAMIC_NO_PIC = NO;
				GCC_NO_COMMON_BLOCKS = YES;
				GCC_OPTIMIZATION_LEVEL = 0;
				GCC_PREPROCESSOR_DEFINITIONS = (
					"DEBUG=1",
					"$(inherited)",
				);
				GCC_WARN_64_TO_32_BIT_CONVERSION = YES;
				GCC_WARN_ABOUT_RETURN_TYPE = YES_ERROR;
				GCC_WARN_UNDECLARED_SELECTOR = YES;
				GCC_WARN_UNINITIALIZED_AUTOS = YES_AGGRESSIVE;
				GCC_WARN_UNUSED_FUNCTION = YES;
				GCC_WARN_UNUSED_VARIABLE = YES;
				IPHONEOS_DEPLOYMENT_TARGET = 15.0;
				MTL_ENABLE_DEBUG_INFO = INCLUDE_SOURCE;
				MTL_FAST_MATH = YES;
				ONLY_ACTIVE_ARCH = YES;
				SDKROOT = iphoneos;
				SWIFT_ACTIVE_COMPILATION_CONDITIONS = DEBUG;
				SWIFT_OPTIMIZATION_LEVEL = "-Onone";
			};
			name = Debug;
		};
		D0BEB58127A0415F001CA26D /* Release */ = {
			isa = XCBuildConfiguration;
			buildSettings = {
				ALWAYS_SEARCH_USER_PATHS = NO;
				CLANG_ANALYZER_NONNULL = YES;
				CLANG_ANALYZER_NUMBER_OBJECT_CONVERSION = YES_AGGRESSIVE;
				CLANG_CXX_LANGUAGE_STANDARD = "gnu++17";
				CLANG_CXX_LIBRARY = "libc++";
				CLANG_ENABLE_MODULES = YES;
				CLANG_ENABLE_OBJC_ARC = YES;
				CLANG_ENABLE_OBJC_WEAK = YES;
				CLANG_WARN_BLOCK_CAPTURE_AUTORELEASING = YES;
				CLANG_WARN_BOOL_CONVERSION = YES;
				CLANG_WARN_COMMA = YES;
				CLANG_WARN_CONSTANT_CONVERSION = YES;
				CLANG_WARN_DEPRECATED_OBJC_IMPLEMENTATIONS = YES;
				CLANG_WARN_DIRECT_OBJC_ISA_USAGE = YES_ERROR;
				CLANG_WARN_DOCUMENTATION_COMMENTS = YES;
				CLANG_WARN_EMPTY_BODY = YES;
				CLANG_WARN_ENUM_CONVERSION = YES;
				CLANG_WARN_INFINITE_RECURSION = YES;
				CLANG_WARN_INT_CONVERSION = YES;
				CLANG_WARN_NON_LITERAL_NULL_CONVERSION = YES;
				CLANG_WARN_OBJC_IMPLICIT_RETAIN_SELF = YES;
				CLANG_WARN_OBJC_LITERAL_CONVERSION = YES;
				CLANG_WARN_OBJC_ROOT_CLASS = YES_ERROR;
				CLANG_WARN_QUOTED_INCLUDE_IN_FRAMEWORK_HEADER = YES;
				CLANG_WARN_RANGE_LOOP_ANALYSIS = YES;
				CLANG_WARN_STRICT_PROTOTYPES = YES;
				CLANG_WARN_SUSPICIOUS_MOVE = YES;
				CLANG_WARN_UNGUARDED_AVAILABILITY = YES_AGGRESSIVE;
				CLANG_WARN_UNREACHABLE_CODE = YES;
				CLANG_WARN__DUPLICATE_METHOD_MATCH = YES;
				COPY_PHASE_STRIP = NO;
				DEBUG_INFORMATION_FORMAT = "dwarf-with-dsym";
				ENABLE_NS_ASSERTIONS = NO;
				ENABLE_STRICT_OBJC_MSGSEND = YES;
				GCC_C_LANGUAGE_STANDARD = gnu11;
				GCC_NO_COMMON_BLOCKS = YES;
				GCC_WARN_64_TO_32_BIT_CONVERSION = YES;
				GCC_WARN_ABOUT_RETURN_TYPE = YES_ERROR;
				GCC_WARN_UNDECLARED_SELECTOR = YES;
				GCC_WARN_UNINITIALIZED_AUTOS = YES_AGGRESSIVE;
				GCC_WARN_UNUSED_FUNCTION = YES;
				GCC_WARN_UNUSED_VARIABLE = YES;
				IPHONEOS_DEPLOYMENT_TARGET = 15.0;
				MTL_ENABLE_DEBUG_INFO = NO;
				MTL_FAST_MATH = YES;
				SDKROOT = iphoneos;
				SWIFT_COMPILATION_MODE = wholemodule;
				SWIFT_OPTIMIZATION_LEVEL = "-O";
				VALIDATE_PRODUCT = YES;
			};
			name = Release;
		};
		D0BEB58327A0415F001CA26D /* Debug */ = {
			isa = XCBuildConfiguration;
			baseConfigurationReference = 310748DC73E9E99CE2546A77 /* Pods-QR_Reader.debug.xcconfig */;
			buildSettings = {
				ASSETCATALOG_COMPILER_APPICON_NAME = AppIcon;
				ASSETCATALOG_COMPILER_GLOBAL_ACCENT_COLOR_NAME = AccentColor;
				CODE_SIGN_IDENTITY = "Apple Development";
				CODE_SIGN_STYLE = Automatic;
				CURRENT_PROJECT_VERSION = 1;
				DEVELOPMENT_TEAM = QF3NQPUP3W;
				GENERATE_INFOPLIST_FILE = YES;
				INFOPLIST_FILE = QR_Reader/Info.plist;
				INFOPLIST_KEY_UIApplicationSupportsIndirectInputEvents = YES;
				INFOPLIST_KEY_UILaunchStoryboardName = LaunchScreen;
				INFOPLIST_KEY_UIMainStoryboardFile = Main;
				INFOPLIST_KEY_UISupportedInterfaceOrientations_iPad = "UIInterfaceOrientationPortrait UIInterfaceOrientationPortraitUpsideDown UIInterfaceOrientationLandscapeLeft UIInterfaceOrientationLandscapeRight";
				INFOPLIST_KEY_UISupportedInterfaceOrientations_iPhone = "UIInterfaceOrientationPortrait UIInterfaceOrientationLandscapeLeft UIInterfaceOrientationLandscapeRight";
				IPHONEOS_DEPLOYMENT_TARGET = 15.0;
				LD_RUNPATH_SEARCH_PATHS = (
					"$(inherited)",
					"@executable_path/Frameworks",
				);
				MARKETING_VERSION = 1.0;
				PRODUCT_BUNDLE_IDENTIFIER = "com.ugurburakguven.QR-Reader";
				PRODUCT_NAME = "$(TARGET_NAME)";
				PROVISIONING_PROFILE_SPECIFIER = "";
				SWIFT_EMIT_LOC_STRINGS = YES;
				SWIFT_VERSION = 5.0;
				TARGETED_DEVICE_FAMILY = "1,2";
			};
			name = Debug;
		};
		D0BEB58427A0415F001CA26D /* Release */ = {
			isa = XCBuildConfiguration;
			baseConfigurationReference = 164127D946C0B87FB337CEC8 /* Pods-QR_Reader.release.xcconfig */;
			buildSettings = {
				ASSETCATALOG_COMPILER_APPICON_NAME = AppIcon;
				ASSETCATALOG_COMPILER_GLOBAL_ACCENT_COLOR_NAME = AccentColor;
				CODE_SIGN_IDENTITY = "Apple Development";
				CODE_SIGN_STYLE = Automatic;
				CURRENT_PROJECT_VERSION = 1;
				DEVELOPMENT_TEAM = QF3NQPUP3W;
				GENERATE_INFOPLIST_FILE = YES;
				INFOPLIST_FILE = QR_Reader/Info.plist;
				INFOPLIST_KEY_UIApplicationSupportsIndirectInputEvents = YES;
				INFOPLIST_KEY_UILaunchStoryboardName = LaunchScreen;
				INFOPLIST_KEY_UIMainStoryboardFile = Main;
				INFOPLIST_KEY_UISupportedInterfaceOrientations_iPad = "UIInterfaceOrientationPortrait UIInterfaceOrientationPortraitUpsideDown UIInterfaceOrientationLandscapeLeft UIInterfaceOrientationLandscapeRight";
				INFOPLIST_KEY_UISupportedInterfaceOrientations_iPhone = "UIInterfaceOrientationPortrait UIInterfaceOrientationLandscapeLeft UIInterfaceOrientationLandscapeRight";
				IPHONEOS_DEPLOYMENT_TARGET = 15.0;
				LD_RUNPATH_SEARCH_PATHS = (
					"$(inherited)",
					"@executable_path/Frameworks",
				);
				MARKETING_VERSION = 1.0;
				PRODUCT_BUNDLE_IDENTIFIER = "com.ugurburakguven.QR-Reader";
				PRODUCT_NAME = "$(TARGET_NAME)";
				PROVISIONING_PROFILE_SPECIFIER = "";
				SWIFT_EMIT_LOC_STRINGS = YES;
				SWIFT_VERSION = 5.0;
				TARGETED_DEVICE_FAMILY = "1,2";
			};
			name = Release;
		};
/* End XCBuildConfiguration section */

/* Begin XCConfigurationList section */
		D0BEB56927A0415E001CA26D /* Build configuration list for PBXProject "QR_Reader" */ = {
			isa = XCConfigurationList;
			buildConfigurations = (
				D0BEB58027A0415F001CA26D /* Debug */,
				D0BEB58127A0415F001CA26D /* Release */,
			);
			defaultConfigurationIsVisible = 0;
			defaultConfigurationName = Release;
		};
		D0BEB58227A0415F001CA26D /* Build configuration list for PBXNativeTarget "QR_Reader" */ = {
			isa = XCConfigurationList;
			buildConfigurations = (
				D0BEB58327A0415F001CA26D /* Debug */,
				D0BEB58427A0415F001CA26D /* Release */,
			);
			defaultConfigurationIsVisible = 0;
			defaultConfigurationName = Release;
		};
/* End XCConfigurationList section */
	};
	rootObject = D0BEB56627A0415E001CA26D /* Project object */;
}
