{
  "pins" : [
    {
      "identity" : "realm-core",
      "kind" : "remoteSourceControl",
      "location" : "https://github.com/realm/realm-core",
      "state" : {
        "revision" : "dcd3788f75bafb0cc397d145e1651aab3ad4bf0e",
        "version" : "11.12.0"
      }
    },
    {
      "identity" : "realm-swift",
      "kind" : "remoteSourceControl",
      "location" : "https://github.com/realm/realm-swift.git",
      "state" : {
        "branch" : "master",
        "revision" : "3a2b11328a63a061b2026cc9bfa09b3a2003f9ee"
      }
    }
  ],
  "version" : 2
}
